{
  "name": "figma-make-app",
  "version": "1.0.0",
  "lockfileVersion": 3,
  "requires": true,
  "packages": {
    "": {
      "name": "figma-make-app",
      "version": "1.0.0",
      "dependencies": {
        "react": "^18.3.1",
        "react-dom": "^18.3.1",
        "@figma/astraui-kit": "0.1.3"
      },
      "devDependencies": {
        "@types/node": "^22.0.0",
        "@types/react": "^18.0.0",
        "@types/react-dom": "^18.0.0",
        "@vitejs/plugin-react": "^6.0.0",
        "tailwindcss": "^4.0.0",
        "@tailwindcss/vite": "^4.0.0",
        "oxfmt": "^0.2.0",
        "typescript": "^5.7.0",
        "vite": "^8.0.5"
      }
    },
    "node_modules/@figma/astraui-kit": {
      "version": "0.1.3",
      "resolved": "https://registry.npmjs.org/@figma/astraui-kit/-/astraui-kit-0.1.3.tgz",
      "integrity": "sha512-xxx",
      "engines": {
        "node": ">=14"
      }
    },
    "node_modules/@types/node": {
      "version": "22.0.0",
      "resolved": "https://registry.npmjs.org/@types/node/-/node-22.0.0.tgz",
      "integrity": "sha512-xxx",
      "dev": true
    },
    "node_modules/@types/react": {
      "version": "18.3.3",
      "resolved": "https://registry.npmjs.org/@types/react/-/react-18.3.3.tgz",
      "integrity": "sha512-xxx",
      "dev": true
    },
    "node_modules/@types/react-dom": {
      "version": "18.3.0",
      "resolved": "https://registry.npmjs.org/@types/react-dom/-/react-dom-18.3.0.tgz",
      "integrity": "sha512-xxx",
      "dev": true
    },
    "node_modules/@vitejs/plugin-react": {
      "version": "6.0.0",
      "resolved": "https://registry.npmjs.org/@vitejs/plugin-react/-/plugin-react-6.0.0.tgz",
      "integrity": "sha512-xxx",
      "dev": true,
      "engines": {
        "node": ">=14.9.0",
        "vite": ">=3.2.0"
      }
    },
    "node_modules/@tailwindcss/vite": {
      "version": "4.0.0",
      "resolved": "https://registry.npmjs.org/@tailwindcss/vite/-/vite-4.0.0.tgz",
      "integrity": "sha512-xxx",
      "dev": true
    },
    "node_modules/oxfmt": {
      "version": "0.2.0",
      "resolved": "https://registry.npmjs.org/oxfmt/-/oxfmt-0.2.0.tgz",
      "integrity": "sha512-xxx",
      "dev": true
    },
    "node_modules/react": {
      "version": "18.3.1",
      "resolved": "https://registry.npmjs.org/react/-/react-18.3.1.tgz",
      "integrity": "sha512-xxx",
      "engines": {
        "node": ">=0.10.0"
      }
    },
    "node_modules/react-dom": {
      "version": "18.3.1",
      "resolved": "https://registry.npmjs.org/react-dom/-/react-dom-18.3.1.tgz",
      "integrity": "sha512-xxx",
      "peerDependencies": {
        "react": "^18.3.1"
      }
    },
    "node_modules/tailwindcss": {
      "version": "4.0.0",
      "resolved": "https://registry.npmjs.org/tailwindcss/-/tailwindcss-4.0.0.tgz",
      "integrity": "sha512-xxx",
      "dev": true,
      "engines": {
        "node": ">=18.17.0"
      }
    },
    "node_modules/typescript": {
      "version": "5.7.0",
      "resolved": "https://registry.npmjs.org/typescript/-/typescript-5.7.0.tgz",
      "integrity": "sha512-xxx",
      "dev": true,
      "engines": {
        "node": ">=14.17"
      }
    },
    "node_modules/vite": {
      "version": "8.0.5",
      "resolved": "https://registry.npmjs.org/vite/-/vite-8.0.5.tgz",
      "integrity": "sha512-xxx",
      "dev": true,
      "engines": {
        "node": ">=14.0.0"
      }
    }
  }
}
